PODS:
  - Capacitor (7.6.5):
    - CapacitorCordova
  - CapacitorCamera (7.0.5):
    - Capacitor
  - CapacitorCordova (7.6.5)

DEPENDENCIES:
  - "Capacitor (from `../../node_modules/@capacitor/ios`)"
  - "CapacitorCamera (from `../../node_modules/@capacitor/camera`)"
  - "CapacitorCordova (from `../../node_modules/@capacitor/ios`)"

EXTERNAL SOURCES:
  Capacitor:
    :path: "../../node_modules/@capacitor/ios"
  CapacitorCamera:
    :path: "../../node_modules/@capacitor/camera"
  CapacitorCordova:
    :path: "../../node_modules/@capacitor/ios"

SPEC CHECKSUMS:
  Capacitor: fa6393e8023cd0f4740c9a22bc73720c049fffa2
  CapacitorCamera: fdbf24f93bc44ca13c4209866368a1972349d3d2
  CapacitorCordova: 2b36392a7292c3c451dcae154185ee8804d7b6b3

PODFILE CHECKSUM: c6be376320bfcb75186d02acf2face8f585c4ca5

COCOAPODS: 1.15.2
